
Microsoft Visual Studio Solution File, Format Version 12.00
# Visual Studio Version 17
VisualStudioVersion = 17.5.33516.290
MinimumVisualStudioVersion = 10.0.40219.1
Project("{9A19103F-16F7-4668-BE54-9A1E7A4F7556}") = "Blog.API", "Blog.Api\Blog.API.csproj", "{703D45F5-FEF1-451A-8ACC-FD28689E0E89}"
EndProject
Project("{9A19103F-16F7-4668-BE54-9A1E7A4F7556}") = "Blog.DAL", "Blog.DAL\Blog.DAL.csproj", "{10CF6397-DB5E-4584-9CE2-69EE591C4FCD}"
EndProject
Project("{9A19103F-16F7-4668-BE54-9A1E7A4F7556}") = "Blog.BLL", "Blog.BLL\Blog.BLL.csproj", "{9994C9D0-FD80-4AFE-AD65-8637D47932B4}"
EndProject
Project("{54A90642-561A-4BB1-A94E-469ADEE60C69}") = "Blog.ClientApp", "Blog.ClientApp\Blog.ClientApp.esproj", "{7F9DE696-D188-416C-8A16-255CAE12A947}"
EndProject
Project("{9A19103F-16F7-4668-BE54-9A1E7A4F7556}") = "Blog.Infrastructure", "Blog.Infrastructure\Blog.Infrastructure.csproj", "{857D6D33-686C-44A7-BEC1-A07E7902D023}"
EndProject
Project("{FAE04EC0-301F-11D3-BF4B-00C04F79EFBC}") = "Blog.BLL.Tests", "Blog.BLL.Tests\Blog.BLL.Tests.csproj", "{C79AB9E7-F170-472F-9722-9CA97D2ACC08}"
EndProject
Global
	GlobalSection(SolutionConfigurationPlatforms) = preSolution
		Debug|Any CPU = Debug|Any CPU
		Release|Any CPU = Release|Any CPU
	EndGlobalSection
	GlobalSection(ProjectConfigurationPlatforms) = postSolution
		{703D45F5-FEF1-451A-8ACC-FD28689E0E89}.Debug|Any CPU.ActiveCfg = Debug|Any CPU
		{703D45F5-FEF1-451A-8ACC-FD28689E0E89}.Debug|Any CPU.Build.0 = Debug|Any CPU
		{703D45F5-FEF1-451A-8ACC-FD28689E0E89}.Release|Any CPU.ActiveCfg = Release|Any CPU
		{703D45F5-FEF1-451A-8ACC-FD28689E0E89}.Release|Any CPU.Build.0 = Release|Any CPU
		{10CF6397-DB5E-4584-9CE2-69EE591C4FCD}.Debug|Any CPU.ActiveCfg = Debug|Any CPU
		{10CF6397-DB5E-4584-9CE2-69EE591C4FCD}.Debug|Any CPU.Build.0 = Debug|Any CPU
		{10CF6397-DB5E-4584-9CE2-69EE591C4FCD}.Release|Any CPU.ActiveCfg = Release|Any CPU
		{10CF6397-DB5E-4584-9CE2-69EE591C4FCD}.Release|Any CPU.Build.0 = Release|Any CPU
		{9994C9D0-FD80-4AFE-AD65-8637D47932B4}.Debug|Any CPU.ActiveCfg = Debug|Any CPU
		{9994C9D0-FD80-4AFE-AD65-8637D47932B4}.Debug|Any CPU.Build.0 = Debug|Any CPU
		{9994C9D0-FD80-4AFE-AD65-8637D47932B4}.Release|Any CPU.ActiveCfg = Release|Any CPU
		{9994C9D0-FD80-4AFE-AD65-8637D47932B4}.Release|Any CPU.Build.0 = Release|Any CPU
		{7F9DE696-D188-416C-8A16-255CAE12A947}.Debug|Any CPU.ActiveCfg = Debug|Any CPU
		{7F9DE696-D188-416C-8A16-255CAE12A947}.Debug|Any CPU.Build.0 = Debug|Any CPU
		{7F9DE696-D188-416C-8A16-255CAE12A947}.Debug|Any CPU.Deploy.0 = Debug|Any CPU
		{7F9DE696-D188-416C-8A16-255CAE12A947}.Release|Any CPU.ActiveCfg = Release|Any CPU
		{7F9DE696-D188-416C-8A16-255CAE12A947}.Release|Any CPU.Build.0 = Release|Any CPU
		{7F9DE696-D188-416C-8A16-255CAE12A947}.Release|Any CPU.Deploy.0 = Release|Any CPU
		{857D6D33-686C-44A7-BEC1-A07E7902D023}.Debug|Any CPU.ActiveCfg = Debug|Any CPU
		{857D6D33-686C-44A7-BEC1-A07E7902D023}.Debug|Any CPU.Build.0 = Debug|Any CPU
		{857D6D33-686C-44A7-BEC1-A07E7902D023}.Release|Any CPU.ActiveCfg = Release|Any CPU
		{857D6D33-686C-44A7-BEC1-A07E7902D023}.Release|Any CPU.Build.0 = Release|Any CPU
		{C79AB9E7-F170-472F-9722-9CA97D2ACC08}.Debug|Any CPU.ActiveCfg = Debug|Any CPU
		{C79AB9E7-F170-472F-9722-9CA97D2ACC08}.Debug|Any CPU.Build.0 = Debug|Any CPU
		{C79AB9E7-F170-472F-9722-9CA97D2ACC08}.Release|Any CPU.ActiveCfg = Release|Any CPU
		{C79AB9E7-F170-472F-9722-9CA97D2ACC08}.Release|Any CPU.Build.0 = Release|Any CPU
	EndGlobalSection
	GlobalSection(SolutionProperties) = preSolution
		HideSolutionNode = FALSE
	EndGlobalSection
	GlobalSection(ExtensibilityGlobals) = postSolution
		SolutionGuid = {B0847A7B-E259-403A-8395-8F39C8A921A0}
	EndGlobalSection
EndGlobal
